
Microsoft Visual Studio Solution File, Format Version 12.00
# Visual Studio Version 17
VisualStudioVersion = 17.11.35208.52
MinimumVisualStudioVersion = 10.0.40219.1
Project("{FAE04EC0-301F-11D3-BF4B-00C04F79EFBC}") = "TokenApp", "TokenApp\TokenApp.csproj", "{ABD0A43C-187A-4841-8527-074D92A3ECEA}"
EndProject
Global
	GlobalSection(SolutionConfigurationPlatforms) = preSolution
		Debug|Any CPU = Debug|Any CPU
		Release|Any CPU = Release|Any CPU
	EndGlobalSection
	GlobalSection(ProjectConfigurationPlatforms) = postSolution
		{ABD0A43C-187A-4841-8527-074D92A3ECEA}.Debug|Any CPU.ActiveCfg = Debug|Any CPU
		{ABD0A43C-187A-4841-8527-074D92A3ECEA}.Debug|Any CPU.Build.0 = Debug|Any CPU
		{ABD0A43C-187A-4841-8527-074D92A3ECEA}.Release|Any CPU.ActiveCfg = Release|Any CPU
		{ABD0A43C-187A-4841-8527-074D92A3ECEA}.Release|Any CPU.Build.0 = Release|Any CPU
	EndGlobalSection
	GlobalSection(SolutionProperties) = preSolution
		HideSolutionNode = FALSE
	EndGlobalSection
	GlobalSection(ExtensibilityGlobals) = postSolution
		SolutionGuid = {29494E0B-CB46-4A4D-8B68-73DE209C94A4}
	EndGlobalSection
EndGlobal
